
Microsoft Visual Studio Solution File, Format Version 12.00
# Visual Studio Version 17
VisualStudioVersion = 17.0.31903.59
MinimumVisualStudioVersion = 10.0.40219.1
Project("{FAE04EC0-301F-11D3-BF4B-00C04F79EFBC}") = "API", "API\API.csproj", "{973B5FC9-2599-4EE7-BD1B-530EB153B483}"
EndProject
Project("{FAE04EC0-301F-11D3-BF4B-00C04F79EFBC}") = "Application", "Application\Application.csproj", "{4A852C58-9F54-47BB-9169-43C03D28958B}"
EndProject
Project("{FAE04EC0-301F-11D3-BF4B-00C04F79EFBC}") = "Domain", "Domain\Domain.csproj", "{CC24DBA7-08A7-41E0-9574-306D05141299}"
EndProject
Project("{FAE04EC0-301F-11D3-BF4B-00C04F79EFBC}") = "Persistence", "Persistence\Persistence.csproj", "{2A463211-DAC3-45B3-A96C-47D2BE7235E7}"
EndProject
Global
	GlobalSection(SolutionConfigurationPlatforms) = preSolution
		Debug|Any CPU = Debug|Any CPU
		Release|Any CPU = Release|Any CPU
	EndGlobalSection
	GlobalSection(SolutionProperties) = preSolution
		HideSolutionNode = FALSE
	EndGlobalSection
	GlobalSection(ProjectConfigurationPlatforms) = postSolution
		{973B5FC9-2599-4EE7-BD1B-530EB153B483}.Debug|Any CPU.ActiveCfg = Debug|Any CPU
		{973B5FC9-2599-4EE7-BD1B-530EB153B483}.Debug|Any CPU.Build.0 = Debug|Any CPU
		{973B5FC9-2599-4EE7-BD1B-530EB153B483}.Release|Any CPU.ActiveCfg = Release|Any CPU
		{973B5FC9-2599-4EE7-BD1B-530EB153B483}.Release|Any CPU.Build.0 = Release|Any CPU
		{4A852C58-9F54-47BB-9169-43C03D28958B}.Debug|Any CPU.ActiveCfg = Debug|Any CPU
		{4A852C58-9F54-47BB-9169-43C03D28958B}.Debug|Any CPU.Build.0 = Debug|Any CPU
		{4A852C58-9F54-47BB-9169-43C03D28958B}.Release|Any CPU.ActiveCfg = Release|Any CPU
		{4A852C58-9F54-47BB-9169-43C03D28958B}.Release|Any CPU.Build.0 = Release|Any CPU
		{CC24DBA7-08A7-41E0-9574-306D05141299}.Debug|Any CPU.ActiveCfg = Debug|Any CPU
		{CC24DBA7-08A7-41E0-9574-306D05141299}.Debug|Any CPU.Build.0 = Debug|Any CPU
		{CC24DBA7-08A7-41E0-9574-306D05141299}.Release|Any CPU.ActiveCfg = Release|Any CPU
		{CC24DBA7-08A7-41E0-9574-306D05141299}.Release|Any CPU.Build.0 = Release|Any CPU
		{2A463211-DAC3-45B3-A96C-47D2BE7235E7}.Debug|Any CPU.ActiveCfg = Debug|Any CPU
		{2A463211-DAC3-45B3-A96C-47D2BE7235E7}.Debug|Any CPU.Build.0 = Debug|Any CPU
		{2A463211-DAC3-45B3-A96C-47D2BE7235E7}.Release|Any CPU.ActiveCfg = Release|Any CPU
		{2A463211-DAC3-45B3-A96C-47D2BE7235E7}.Release|Any CPU.Build.0 = Release|Any CPU
	EndGlobalSection
EndGlobal
